
Microsoft Visual Studio Solution File, Format Version 12.00
# Visual Studio Version 17
VisualStudioVersion = 17.9.34607.119
MinimumVisualStudioVersion = 10.0.40219.1
Project("{FAE04EC0-301F-11D3-BF4B-00C04F79EFBC}") = "DragonGame", "DragonGame\DragonGame.csproj", "{4D996925-580F-4253-81F7-664C05A9B607}"
EndProject
Project("{FAE04EC0-301F-11D3-BF4B-00C04F79EFBC}") = "DragonGameForm2", "DragonGame\DragonGameForm2\DragonGameForm2.csproj", "{4B990D2A-A5F3-49F6-B0C2-25F0371BE25A}"
EndProject
Global
	GlobalSection(SolutionConfigurationPlatforms) = preSolution
		Debug|Any CPU = Debug|Any CPU
		Release|Any CPU = Release|Any CPU
	EndGlobalSection
	GlobalSection(ProjectConfigurationPlatforms) = postSolution
		{4D996925-580F-4253-81F7-664C05A9B607}.Debug|Any CPU.ActiveCfg = Debug|Any CPU
		{4D996925-580F-4253-81F7-664C05A9B607}.Debug|Any CPU.Build.0 = Debug|Any CPU
		{4D996925-580F-4253-81F7-664C05A9B607}.Release|Any CPU.ActiveCfg = Release|Any CPU
		{4D996925-580F-4253-81F7-664C05A9B607}.Release|Any CPU.Build.0 = Release|Any CPU
		{4B990D2A-A5F3-49F6-B0C2-25F0371BE25A}.Debug|Any CPU.ActiveCfg = Debug|Any CPU
		{4B990D2A-A5F3-49F6-B0C2-25F0371BE25A}.Debug|Any CPU.Build.0 = Debug|Any CPU
		{4B990D2A-A5F3-49F6-B0C2-25F0371BE25A}.Release|Any CPU.ActiveCfg = Release|Any CPU
		{4B990D2A-A5F3-49F6-B0C2-25F0371BE25A}.Release|Any CPU.Build.0 = Release|Any CPU
	EndGlobalSection
	GlobalSection(SolutionProperties) = preSolution
		HideSolutionNode = FALSE
	EndGlobalSection
	GlobalSection(ExtensibilityGlobals) = postSolution
		SolutionGuid = {FEDC01E8-3D6E-48BC-944A-A4D8D00FABDB}
	EndGlobalSection
EndGlobal
